
Microsoft Visual Studio Solution File, Format Version 12.00
# Visual Studio Version 17
VisualStudioVersion = 17.14.36414.22 d17.14
MinimumVisualStudioVersion = 10.0.40219.1
Project("{888888A0-9F3D-457C-B088-3A5042F75D52}") = "MLApp1", "MLApp1\MLApp1.pyproj", "{CF1B2BA0-B91E-41F0-8391-5585EDFFDCB3}"
EndProject
Global
	GlobalSection(SolutionConfigurationPlatforms) = preSolution
		Debug|Any CPU = Debug|Any CPU
		Release|Any CPU = Release|Any CPU
	EndGlobalSection
	GlobalSection(ProjectConfigurationPlatforms) = postSolution
		{CF1B2BA0-B91E-41F0-8391-5585EDFFDCB3}.Debug|Any CPU.ActiveCfg = Debug|Any CPU
		{CF1B2BA0-B91E-41F0-8391-5585EDFFDCB3}.Debug|Any CPU.Build.0 = Debug|Any CPU
		{CF1B2BA0-B91E-41F0-8391-5585EDFFDCB3}.Release|Any CPU.ActiveCfg = Release|Any CPU
		{CF1B2BA0-B91E-41F0-8391-5585EDFFDCB3}.Release|Any CPU.Build.0 = Release|Any CPU
	EndGlobalSection
	GlobalSection(SolutionProperties) = preSolution
		HideSolutionNode = FALSE
	EndGlobalSection
	GlobalSection(ExtensibilityGlobals) = postSolution
		SolutionGuid = {515E2C94-FC39-48E9-BD6C-866718059379}
	EndGlobalSection
EndGlobal
